
Microsoft Visual Studio Solution File, Format Version 12.00
# Visual Studio Version 17
VisualStudioVersion = 17.2.32630.192
MinimumVisualStudioVersion = 10.0.40219.1
Project("{2150E333-8FDC-42A3-9474-1A3956D46DE8}") = "Solution Items", "Solution Items", "{068B079B-0F05-4800-87D6-1AEC50106F24}"
	ProjectSection(SolutionItems) = preProject
		.dockerignore = .dockerignore
		.editorconfig = .editorconfig
		.gitattributes = .gitattributes
		.gitignore = .gitignore
		CHANGELOG.md = CHANGELOG.md
		LICENSE = LICENSE
		README.md = README.md
	EndProjectSection
EndProject
Project("{9A19103F-16F7-4668-BE54-9A1E7A4F7556}") = "Logitar.Portal", "src\Logitar.Portal\Logitar.Portal.csproj", "{A67E276B-E766-45A4-A1C5-24C1C1E8F099}"
EndProject
Project("{9A19103F-16F7-4668-BE54-9A1E7A4F7556}") = "Logitar.Portal.Domain", "src\Logitar.Portal.Domain\Logitar.Portal.Domain.csproj", "{A30115FC-439B-4498-9C93-ACD2102B38A5}"
EndProject
Project("{9A19103F-16F7-4668-BE54-9A1E7A4F7556}") = "Logitar.Portal.Application", "src\Logitar.Portal.Application\Logitar.Portal.Application.csproj", "{D3ABB7E2-1739-42E3-B225-E9C07843946E}"
EndProject
Project("{9A19103F-16F7-4668-BE54-9A1E7A4F7556}") = "Logitar.Portal.EntityFrameworkCore.Relational", "src\Logitar.Portal.EntityFrameworkCore.Relational\Logitar.Portal.EntityFrameworkCore.Relational.csproj", "{AB46EF19-1C25-4450-AE0B-F8D86F2FEE1D}"
EndProject
Project("{9A19103F-16F7-4668-BE54-9A1E7A4F7556}") = "Logitar.Portal.EntityFrameworkCore.PostgreSQL", "src\Logitar.Portal.EntityFrameworkCore.PostgreSQL\Logitar.Portal.EntityFrameworkCore.PostgreSQL.csproj", "{456EDDAB-176D-4C72-9BC2-0EA28F346004}"
EndProject
Project("{9A19103F-16F7-4668-BE54-9A1E7A4F7556}") = "Logitar.Portal.EntityFrameworkCore.SqlServer", "src\Logitar.Portal.EntityFrameworkCore.SqlServer\Logitar.Portal.EntityFrameworkCore.SqlServer.csproj", "{93C45652-9F4F-4142-813C-50ECE0F0215E}"
EndProject
Project("{9A19103F-16F7-4668-BE54-9A1E7A4F7556}") = "Logitar.Portal.Infrastructure", "src\Logitar.Portal.Infrastructure\Logitar.Portal.Infrastructure.csproj", "{F6DFB4D1-B64D-4873-9662-47A61E231180}"
EndProject
Project("{FAE04EC0-301F-11D3-BF4B-00C04F79EFBC}") = "Logitar.Portal.Contracts", "src\Logitar.Portal.Contracts\Logitar.Portal.Contracts.csproj", "{EC47ABE7-6651-4B9F-BD1E-C63F653D33E2}"
EndProject
Global
	GlobalSection(SolutionConfigurationPlatforms) = preSolution
		Debug|Any CPU = Debug|Any CPU
		Release|Any CPU = Release|Any CPU
	EndGlobalSection
	GlobalSection(ProjectConfigurationPlatforms) = postSolution
		{A67E276B-E766-45A4-A1C5-24C1C1E8F099}.Debug|Any CPU.ActiveCfg = Debug|Any CPU
		{A67E276B-E766-45A4-A1C5-24C1C1E8F099}.Debug|Any CPU.Build.0 = Debug|Any CPU
		{A67E276B-E766-45A4-A1C5-24C1C1E8F099}.Release|Any CPU.ActiveCfg = Release|Any CPU
		{A67E276B-E766-45A4-A1C5-24C1C1E8F099}.Release|Any CPU.Build.0 = Release|Any CPU
		{A30115FC-439B-4498-9C93-ACD2102B38A5}.Debug|Any CPU.ActiveCfg = Debug|Any CPU
		{A30115FC-439B-4498-9C93-ACD2102B38A5}.Debug|Any CPU.Build.0 = Debug|Any CPU
		{A30115FC-439B-4498-9C93-ACD2102B38A5}.Release|Any CPU.ActiveCfg = Release|Any CPU
		{A30115FC-439B-4498-9C93-ACD2102B38A5}.Release|Any CPU.Build.0 = Release|Any CPU
		{D3ABB7E2-1739-42E3-B225-E9C07843946E}.Debug|Any CPU.ActiveCfg = Debug|Any CPU
		{D3ABB7E2-1739-42E3-B225-E9C07843946E}.Debug|Any CPU.Build.0 = Debug|Any CPU
		{D3ABB7E2-1739-42E3-B225-E9C07843946E}.Release|Any CPU.ActiveCfg = Release|Any CPU
		{D3ABB7E2-1739-42E3-B225-E9C07843946E}.Release|Any CPU.Build.0 = Release|Any CPU
		{AB46EF19-1C25-4450-AE0B-F8D86F2FEE1D}.Debug|Any CPU.ActiveCfg = Debug|Any CPU
		{AB46EF19-1C25-4450-AE0B-F8D86F2FEE1D}.Debug|Any CPU.Build.0 = Debug|Any CPU
		{AB46EF19-1C25-4450-AE0B-F8D86F2FEE1D}.Release|Any CPU.ActiveCfg = Release|Any CPU
		{AB46EF19-1C25-4450-AE0B-F8D86F2FEE1D}.Release|Any CPU.Build.0 = Release|Any CPU
		{456EDDAB-176D-4C72-9BC2-0EA28F346004}.Debug|Any CPU.ActiveCfg = Debug|Any CPU
		{456EDDAB-176D-4C72-9BC2-0EA28F346004}.Debug|Any CPU.Build.0 = Debug|Any CPU
		{456EDDAB-176D-4C72-9BC2-0EA28F346004}.Release|Any CPU.ActiveCfg = Release|Any CPU
		{456EDDAB-176D-4C72-9BC2-0EA28F346004}.Release|Any CPU.Build.0 = Release|Any CPU
		{93C45652-9F4F-4142-813C-50ECE0F0215E}.Debug|Any CPU.ActiveCfg = Debug|Any CPU
		{93C45652-9F4F-4142-813C-50ECE0F0215E}.Debug|Any CPU.Build.0 = Debug|Any CPU
		{93C45652-9F4F-4142-813C-50ECE0F0215E}.Release|Any CPU.ActiveCfg = Release|Any CPU
		{93C45652-9F4F-4142-813C-50ECE0F0215E}.Release|Any CPU.Build.0 = Release|Any CPU
		{F6DFB4D1-B64D-4873-9662-47A61E231180}.Debug|Any CPU.ActiveCfg = Debug|Any CPU
		{F6DFB4D1-B64D-4873-9662-47A61E231180}.Debug|Any CPU.Build.0 = Debug|Any CPU
		{F6DFB4D1-B64D-4873-9662-47A61E231180}.Release|Any CPU.ActiveCfg = Release|Any CPU
		{F6DFB4D1-B64D-4873-9662-47A61E231180}.Release|Any CPU.Build.0 = Release|Any CPU
		{EC47ABE7-6651-4B9F-BD1E-C63F653D33E2}.Debug|Any CPU.ActiveCfg = Debug|Any CPU
		{EC47ABE7-6651-4B9F-BD1E-C63F653D33E2}.Debug|Any CPU.Build.0 = Debug|Any CPU
		{EC47ABE7-6651-4B9F-BD1E-C63F653D33E2}.Release|Any CPU.ActiveCfg = Release|Any CPU
		{EC47ABE7-6651-4B9F-BD1E-C63F653D33E2}.Release|Any CPU.Build.0 = Release|Any CPU
	EndGlobalSection
	GlobalSection(SolutionProperties) = preSolution
		HideSolutionNode = FALSE
	EndGlobalSection
	GlobalSection(ExtensibilityGlobals) = postSolution
		SolutionGuid = {55C506C2-F420-403F-B2E6-A47E2DF4C4B6}
	EndGlobalSection
EndGlobal
