
Microsoft Visual Studio Solution File, Format Version 12.00
# Visual Studio Version 17
VisualStudioVersion = 17.2.32630.192
MinimumVisualStudioVersion = 10.0.40219.1
Project("{2150E333-8FDC-42A3-9474-1A3956D46DE8}") = "Solution Items", "Solution Items", "{068B079B-0F05-4800-87D6-1AEC50106F24}"
	ProjectSection(SolutionItems) = preProject
		.dockerignore = .dockerignore
		.editorconfig = .editorconfig
		.gitattributes = .gitattributes
		.gitignore = .gitignore
		CHANGELOG.md = CHANGELOG.md
		LICENSE = LICENSE
		README.md = README.md
	EndProjectSection
EndProject
Project("{9A19103F-16F7-4668-BE54-9A1E7A4F7556}") = "Logitar.Portal.Contracts", "src\Logitar.Portal.Contracts\Logitar.Portal.Contracts.csproj", "{D8484F72-7861-4D26-83F6-6F98C6E2B7B1}"
EndProject
Project("{FAE04EC0-301F-11D3-BF4B-00C04F79EFBC}") = "Logitar.Portal.Application", "src\Logitar.Portal.Application\Logitar.Portal.Application.csproj", "{A15065F8-6DD6-4C91-AE76-F3B440C2B2AF}"
EndProject
Project("{FAE04EC0-301F-11D3-BF4B-00C04F79EFBC}") = "Logitar.Portal.Domain", "src\Logitar.Portal.Domain\Logitar.Portal.Domain.csproj", "{61F4A1EC-1FB2-462F-B6D9-248BEFB8A15A}"
EndProject
Project("{FAE04EC0-301F-11D3-BF4B-00C04F79EFBC}") = "Logitar.Portal.Web", "src\Logitar.Portal.Web\Logitar.Portal.Web.csproj", "{77B307A3-92A4-4B8B-B0F5-C1B49FFC0041}"
EndProject
Project("{FAE04EC0-301F-11D3-BF4B-00C04F79EFBC}") = "Logitar.Portal.Infrastructure", "src\Logitar.Portal.Infrastructure\Logitar.Portal.Infrastructure.csproj", "{47671062-4959-41F6-AECD-53574A60006B}"
EndProject
Project("{FAE04EC0-301F-11D3-BF4B-00C04F79EFBC}") = "Logitar.Portal.EntityFrameworkCore.Relational", "src\Logitar.Portal.EntityFrameworkCore.Relational\Logitar.Portal.EntityFrameworkCore.Relational.csproj", "{7E777F93-56BC-4EDE-89CD-EC6453CFA29A}"
EndProject
Global
	GlobalSection(SolutionConfigurationPlatforms) = preSolution
		Debug|Any CPU = Debug|Any CPU
		Release|Any CPU = Release|Any CPU
	EndGlobalSection
	GlobalSection(ProjectConfigurationPlatforms) = postSolution
		{D8484F72-7861-4D26-83F6-6F98C6E2B7B1}.Debug|Any CPU.ActiveCfg = Debug|Any CPU
		{D8484F72-7861-4D26-83F6-6F98C6E2B7B1}.Debug|Any CPU.Build.0 = Debug|Any CPU
		{D8484F72-7861-4D26-83F6-6F98C6E2B7B1}.Release|Any CPU.ActiveCfg = Release|Any CPU
		{D8484F72-7861-4D26-83F6-6F98C6E2B7B1}.Release|Any CPU.Build.0 = Release|Any CPU
		{A15065F8-6DD6-4C91-AE76-F3B440C2B2AF}.Debug|Any CPU.ActiveCfg = Debug|Any CPU
		{A15065F8-6DD6-4C91-AE76-F3B440C2B2AF}.Debug|Any CPU.Build.0 = Debug|Any CPU
		{A15065F8-6DD6-4C91-AE76-F3B440C2B2AF}.Release|Any CPU.ActiveCfg = Release|Any CPU
		{A15065F8-6DD6-4C91-AE76-F3B440C2B2AF}.Release|Any CPU.Build.0 = Release|Any CPU
		{61F4A1EC-1FB2-462F-B6D9-248BEFB8A15A}.Debug|Any CPU.ActiveCfg = Debug|Any CPU
		{61F4A1EC-1FB2-462F-B6D9-248BEFB8A15A}.Debug|Any CPU.Build.0 = Debug|Any CPU
		{61F4A1EC-1FB2-462F-B6D9-248BEFB8A15A}.Release|Any CPU.ActiveCfg = Release|Any CPU
		{61F4A1EC-1FB2-462F-B6D9-248BEFB8A15A}.Release|Any CPU.Build.0 = Release|Any CPU
		{77B307A3-92A4-4B8B-B0F5-C1B49FFC0041}.Debug|Any CPU.ActiveCfg = Debug|Any CPU
		{77B307A3-92A4-4B8B-B0F5-C1B49FFC0041}.Debug|Any CPU.Build.0 = Debug|Any CPU
		{77B307A3-92A4-4B8B-B0F5-C1B49FFC0041}.Release|Any CPU.ActiveCfg = Release|Any CPU
		{77B307A3-92A4-4B8B-B0F5-C1B49FFC0041}.Release|Any CPU.Build.0 = Release|Any CPU
		{47671062-4959-41F6-AECD-53574A60006B}.Debug|Any CPU.ActiveCfg = Debug|Any CPU
		{47671062-4959-41F6-AECD-53574A60006B}.Debug|Any CPU.Build.0 = Debug|Any CPU
		{47671062-4959-41F6-AECD-53574A60006B}.Release|Any CPU.ActiveCfg = Release|Any CPU
		{47671062-4959-41F6-AECD-53574A60006B}.Release|Any CPU.Build.0 = Release|Any CPU
		{7E777F93-56BC-4EDE-89CD-EC6453CFA29A}.Debug|Any CPU.ActiveCfg = Debug|Any CPU
		{7E777F93-56BC-4EDE-89CD-EC6453CFA29A}.Debug|Any CPU.Build.0 = Debug|Any CPU
		{7E777F93-56BC-4EDE-89CD-EC6453CFA29A}.Release|Any CPU.ActiveCfg = Release|Any CPU
		{7E777F93-56BC-4EDE-89CD-EC6453CFA29A}.Release|Any CPU.Build.0 = Release|Any CPU
	EndGlobalSection
	GlobalSection(SolutionProperties) = preSolution
		HideSolutionNode = FALSE
	EndGlobalSection
	GlobalSection(ExtensibilityGlobals) = postSolution
		SolutionGuid = {55C506C2-F420-403F-B2E6-A47E2DF4C4B6}
	EndGlobalSection
EndGlobal
