
Microsoft Visual Studio Solution File, Format Version 12.00
# Visual Studio Version 17
VisualStudioVersion = 17.2.32630.192
MinimumVisualStudioVersion = 10.0.40219.1
Project("{2150E333-8FDC-42A3-9474-1A3956D46DE8}") = "Solution Items", "Solution Items", "{068B079B-0F05-4800-87D6-1AEC50106F24}"
	ProjectSection(SolutionItems) = preProject
		.dockerignore = .dockerignore
		.editorconfig = .editorconfig
		.gitattributes = .gitattributes
		.gitignore = .gitignore
		LICENSE = LICENSE
		README.md = README.md
	EndProjectSection
EndProject
Project("{9A19103F-16F7-4668-BE54-9A1E7A4F7556}") = "Logitar.Portal.Core", "src\Logitar.Portal.Core\Logitar.Portal.Core.csproj", "{D4C0C8F2-4607-4812-A222-828B5A3E9B95}"
EndProject
Project("{9A19103F-16F7-4668-BE54-9A1E7A4F7556}") = "Logitar.Portal.Infrastructure", "src\Logitar.Portal.Infrastructure\Logitar.Portal.Infrastructure.csproj", "{6C2D6542-6711-42BC-A3D8-A2EE79164DB5}"
EndProject
Project("{9A19103F-16F7-4668-BE54-9A1E7A4F7556}") = "Logitar.Portal.Web", "src\Logitar.Portal.Web\Logitar.Portal.Web.csproj", "{9C146666-FD7B-4F71-BC68-FFF2AF5068F7}"
EndProject
Project("{9A19103F-16F7-4668-BE54-9A1E7A4F7556}") = "Logitar.Portal.Client", "src\Logitar.Portal.Client\Logitar.Portal.Client.csproj", "{8CAB7E6E-738F-437C-BB39-87FB5069BD84}"
EndProject
Project("{9A19103F-16F7-4668-BE54-9A1E7A4F7556}") = "Logitar.Portal.Domain", "src\Logitar.Portal.Domain\Logitar.Portal.Domain.csproj", "{98AD5B49-14BE-4DD8-8C55-98DBCFC80143}"
EndProject
Project("{9A19103F-16F7-4668-BE54-9A1E7A4F7556}") = "Logitar.Portal.Application", "src\Logitar.Portal.Application\Logitar.Portal.Application.csproj", "{8B6BA02C-17C7-4229-8CB3-72364EE8D2AB}"
EndProject
Project("{FAE04EC0-301F-11D3-BF4B-00C04F79EFBC}") = "Logitar.Portal.v2.Contracts", "src\Logitar.Portal.v2.Contracts\Logitar.Portal.v2.Contracts.csproj", "{867CA77B-0099-4171-8CE1-260AB5E658D9}"
EndProject
Project("{FAE04EC0-301F-11D3-BF4B-00C04F79EFBC}") = "Logitar.Portal.v2.Core", "src\Logitar.Portal.v2.Core\Logitar.Portal.v2.Core.csproj", "{FF7DA25D-A067-493E-901F-F269D91B6BB8}"
EndProject
Project("{FAE04EC0-301F-11D3-BF4B-00C04F79EFBC}") = "Logitar.Portal.v2.EntityFrameworkCore.PostgreSQL", "src\Logitar.Portal.v2.EntityFrameworkCore.PostgreSQL\Logitar.Portal.v2.EntityFrameworkCore.PostgreSQL.csproj", "{0D2EA863-D8F6-4D5C-B7D8-4D7A5A21E0D2}"
EndProject
Project("{FAE04EC0-301F-11D3-BF4B-00C04F79EFBC}") = "Logitar.Portal.v2.Web", "src\Logitar.Portal.v2.Web\Logitar.Portal.v2.Web.csproj", "{DC3C146F-7DFA-471C-9BF3-3239AF993107}"
EndProject
Project("{FAE04EC0-301F-11D3-BF4B-00C04F79EFBC}") = "Logitar.Portal", "src\Logitar.Portal\Logitar.Portal.csproj", "{ABDB69A3-527A-4921-93A5-9E6448705BAA}"
EndProject
Global
	GlobalSection(SolutionConfigurationPlatforms) = preSolution
		Debug|Any CPU = Debug|Any CPU
		Release|Any CPU = Release|Any CPU
	EndGlobalSection
	GlobalSection(ProjectConfigurationPlatforms) = postSolution
		{D4C0C8F2-4607-4812-A222-828B5A3E9B95}.Debug|Any CPU.ActiveCfg = Debug|Any CPU
		{D4C0C8F2-4607-4812-A222-828B5A3E9B95}.Debug|Any CPU.Build.0 = Debug|Any CPU
		{D4C0C8F2-4607-4812-A222-828B5A3E9B95}.Release|Any CPU.ActiveCfg = Release|Any CPU
		{D4C0C8F2-4607-4812-A222-828B5A3E9B95}.Release|Any CPU.Build.0 = Release|Any CPU
		{6C2D6542-6711-42BC-A3D8-A2EE79164DB5}.Debug|Any CPU.ActiveCfg = Debug|Any CPU
		{6C2D6542-6711-42BC-A3D8-A2EE79164DB5}.Debug|Any CPU.Build.0 = Debug|Any CPU
		{6C2D6542-6711-42BC-A3D8-A2EE79164DB5}.Release|Any CPU.ActiveCfg = Release|Any CPU
		{6C2D6542-6711-42BC-A3D8-A2EE79164DB5}.Release|Any CPU.Build.0 = Release|Any CPU
		{9C146666-FD7B-4F71-BC68-FFF2AF5068F7}.Debug|Any CPU.ActiveCfg = Debug|Any CPU
		{9C146666-FD7B-4F71-BC68-FFF2AF5068F7}.Debug|Any CPU.Build.0 = Debug|Any CPU
		{9C146666-FD7B-4F71-BC68-FFF2AF5068F7}.Release|Any CPU.ActiveCfg = Release|Any CPU
		{9C146666-FD7B-4F71-BC68-FFF2AF5068F7}.Release|Any CPU.Build.0 = Release|Any CPU
		{8CAB7E6E-738F-437C-BB39-87FB5069BD84}.Debug|Any CPU.ActiveCfg = Debug|Any CPU
		{8CAB7E6E-738F-437C-BB39-87FB5069BD84}.Debug|Any CPU.Build.0 = Debug|Any CPU
		{8CAB7E6E-738F-437C-BB39-87FB5069BD84}.Release|Any CPU.ActiveCfg = Release|Any CPU
		{8CAB7E6E-738F-437C-BB39-87FB5069BD84}.Release|Any CPU.Build.0 = Release|Any CPU
		{98AD5B49-14BE-4DD8-8C55-98DBCFC80143}.Debug|Any CPU.ActiveCfg = Debug|Any CPU
		{98AD5B49-14BE-4DD8-8C55-98DBCFC80143}.Debug|Any CPU.Build.0 = Debug|Any CPU
		{98AD5B49-14BE-4DD8-8C55-98DBCFC80143}.Release|Any CPU.ActiveCfg = Release|Any CPU
		{98AD5B49-14BE-4DD8-8C55-98DBCFC80143}.Release|Any CPU.Build.0 = Release|Any CPU
		{8B6BA02C-17C7-4229-8CB3-72364EE8D2AB}.Debug|Any CPU.ActiveCfg = Debug|Any CPU
		{8B6BA02C-17C7-4229-8CB3-72364EE8D2AB}.Debug|Any CPU.Build.0 = Debug|Any CPU
		{8B6BA02C-17C7-4229-8CB3-72364EE8D2AB}.Release|Any CPU.ActiveCfg = Release|Any CPU
		{8B6BA02C-17C7-4229-8CB3-72364EE8D2AB}.Release|Any CPU.Build.0 = Release|Any CPU
		{867CA77B-0099-4171-8CE1-260AB5E658D9}.Debug|Any CPU.ActiveCfg = Debug|Any CPU
		{867CA77B-0099-4171-8CE1-260AB5E658D9}.Debug|Any CPU.Build.0 = Debug|Any CPU
		{867CA77B-0099-4171-8CE1-260AB5E658D9}.Release|Any CPU.ActiveCfg = Release|Any CPU
		{867CA77B-0099-4171-8CE1-260AB5E658D9}.Release|Any CPU.Build.0 = Release|Any CPU
		{FF7DA25D-A067-493E-901F-F269D91B6BB8}.Debug|Any CPU.ActiveCfg = Debug|Any CPU
		{FF7DA25D-A067-493E-901F-F269D91B6BB8}.Debug|Any CPU.Build.0 = Debug|Any CPU
		{FF7DA25D-A067-493E-901F-F269D91B6BB8}.Release|Any CPU.ActiveCfg = Release|Any CPU
		{FF7DA25D-A067-493E-901F-F269D91B6BB8}.Release|Any CPU.Build.0 = Release|Any CPU
		{0D2EA863-D8F6-4D5C-B7D8-4D7A5A21E0D2}.Debug|Any CPU.ActiveCfg = Debug|Any CPU
		{0D2EA863-D8F6-4D5C-B7D8-4D7A5A21E0D2}.Debug|Any CPU.Build.0 = Debug|Any CPU
		{0D2EA863-D8F6-4D5C-B7D8-4D7A5A21E0D2}.Release|Any CPU.ActiveCfg = Release|Any CPU
		{0D2EA863-D8F6-4D5C-B7D8-4D7A5A21E0D2}.Release|Any CPU.Build.0 = Release|Any CPU
		{DC3C146F-7DFA-471C-9BF3-3239AF993107}.Debug|Any CPU.ActiveCfg = Debug|Any CPU
		{DC3C146F-7DFA-471C-9BF3-3239AF993107}.Debug|Any CPU.Build.0 = Debug|Any CPU
		{DC3C146F-7DFA-471C-9BF3-3239AF993107}.Release|Any CPU.ActiveCfg = Release|Any CPU
		{DC3C146F-7DFA-471C-9BF3-3239AF993107}.Release|Any CPU.Build.0 = Release|Any CPU
		{ABDB69A3-527A-4921-93A5-9E6448705BAA}.Debug|Any CPU.ActiveCfg = Debug|Any CPU
		{ABDB69A3-527A-4921-93A5-9E6448705BAA}.Debug|Any CPU.Build.0 = Debug|Any CPU
		{ABDB69A3-527A-4921-93A5-9E6448705BAA}.Release|Any CPU.ActiveCfg = Release|Any CPU
		{ABDB69A3-527A-4921-93A5-9E6448705BAA}.Release|Any CPU.Build.0 = Release|Any CPU
	EndGlobalSection
	GlobalSection(SolutionProperties) = preSolution
		HideSolutionNode = FALSE
	EndGlobalSection
	GlobalSection(ExtensibilityGlobals) = postSolution
		SolutionGuid = {55C506C2-F420-403F-B2E6-A47E2DF4C4B6}
	EndGlobalSection
EndGlobal
