
Microsoft Visual Studio Solution File, Format Version 12.00
# Visual Studio Version 17
VisualStudioVersion = 17.2.32630.192
MinimumVisualStudioVersion = 10.0.40219.1
Project("{2150E333-8FDC-42A3-9474-1A3956D46DE8}") = "Solution Items", "Solution Items", "{068B079B-0F05-4800-87D6-1AEC50106F24}"
	ProjectSection(SolutionItems) = preProject
		.dockerignore = .dockerignore
		.editorconfig = .editorconfig
		.gitattributes = .gitattributes
		.gitignore = .gitignore
		README.md = README.md
		README2.md = README2.md
	EndProjectSection
EndProject
Project("{9A19103F-16F7-4668-BE54-9A1E7A4F7556}") = "Logitar.Portal.Core2", "src\Logitar.Portal.Core2\Logitar.Portal.Core2.csproj", "{583C5A28-BB9F-4E86-A8A4-C4BFFC0AD346}"
EndProject
Project("{9A19103F-16F7-4668-BE54-9A1E7A4F7556}") = "Logitar.Portal.Infrastructure2", "src\Logitar.Portal.Infrastructure2\Logitar.Portal.Infrastructure2.csproj", "{EE610169-0848-4BF0-AA8D-975802E6F389}"
EndProject
Project("{9A19103F-16F7-4668-BE54-9A1E7A4F7556}") = "Logitar.Portal.Web2", "src\Logitar.Portal.Web2\Logitar.Portal.Web2.csproj", "{7C6240DC-2377-4A62-B5B6-0B56BA819F77}"
EndProject
Global
	GlobalSection(SolutionConfigurationPlatforms) = preSolution
		Debug|Any CPU = Debug|Any CPU
		Release|Any CPU = Release|Any CPU
	EndGlobalSection
	GlobalSection(ProjectConfigurationPlatforms) = postSolution
		{583C5A28-BB9F-4E86-A8A4-C4BFFC0AD346}.Debug|Any CPU.ActiveCfg = Debug|Any CPU
		{583C5A28-BB9F-4E86-A8A4-C4BFFC0AD346}.Debug|Any CPU.Build.0 = Debug|Any CPU
		{583C5A28-BB9F-4E86-A8A4-C4BFFC0AD346}.Release|Any CPU.ActiveCfg = Release|Any CPU
		{583C5A28-BB9F-4E86-A8A4-C4BFFC0AD346}.Release|Any CPU.Build.0 = Release|Any CPU
		{EE610169-0848-4BF0-AA8D-975802E6F389}.Debug|Any CPU.ActiveCfg = Debug|Any CPU
		{EE610169-0848-4BF0-AA8D-975802E6F389}.Debug|Any CPU.Build.0 = Debug|Any CPU
		{EE610169-0848-4BF0-AA8D-975802E6F389}.Release|Any CPU.ActiveCfg = Release|Any CPU
		{EE610169-0848-4BF0-AA8D-975802E6F389}.Release|Any CPU.Build.0 = Release|Any CPU
		{7C6240DC-2377-4A62-B5B6-0B56BA819F77}.Debug|Any CPU.ActiveCfg = Debug|Any CPU
		{7C6240DC-2377-4A62-B5B6-0B56BA819F77}.Debug|Any CPU.Build.0 = Debug|Any CPU
		{7C6240DC-2377-4A62-B5B6-0B56BA819F77}.Release|Any CPU.ActiveCfg = Release|Any CPU
		{7C6240DC-2377-4A62-B5B6-0B56BA819F77}.Release|Any CPU.Build.0 = Release|Any CPU
	EndGlobalSection
	GlobalSection(SolutionProperties) = preSolution
		HideSolutionNode = FALSE
	EndGlobalSection
	GlobalSection(ExtensibilityGlobals) = postSolution
		SolutionGuid = {55C506C2-F420-403F-B2E6-A47E2DF4C4B6}
	EndGlobalSection
EndGlobal
